
Microsoft Visual Studio Solution File, Format Version 12.00
# Visual Studio Version 16
VisualStudioVersion = 16.0.30503.244
MinimumVisualStudioVersion = 10.0.40219.1
Project("{FAE04EC0-301F-11D3-BF4B-00C04F79EFBC}") = "MathQuiz", "MathQuiz\MathQuiz.csproj", "{D1F974E9-D6A6-469B-97AA-DE9D43194C4F}"
EndProject
Global
	GlobalSection(SolutionConfigurationPlatforms) = preSolution
		Debug|Any CPU = Debug|Any CPU
		Release|Any CPU = Release|Any CPU
	EndGlobalSection
	GlobalSection(ProjectConfigurationPlatforms) = postSolution
		{D1F974E9-D6A6-469B-97AA-DE9D43194C4F}.Debug|Any CPU.ActiveCfg = Debug|Any CPU
		{D1F974E9-D6A6-469B-97AA-DE9D43194C4F}.Debug|Any CPU.Build.0 = Debug|Any CPU
		{D1F974E9-D6A6-469B-97AA-DE9D43194C4F}.Release|Any CPU.ActiveCfg = Release|Any CPU
		{D1F974E9-D6A6-469B-97AA-DE9D43194C4F}.Release|Any CPU.Build.0 = Release|Any CPU
	EndGlobalSection
	GlobalSection(SolutionProperties) = preSolution
		HideSolutionNode = FALSE
	EndGlobalSection
	GlobalSection(ExtensibilityGlobals) = postSolution
		SolutionGuid = {6F6203C6-5D83-48A0-A1B6-78E89412E89B}
	EndGlobalSection
EndGlobal
